
Microsoft Visual Studio Solution File, Format Version 12.00
# Visual Studio Version 16
VisualStudioVersion = 16.0.29123.88
MinimumVisualStudioVersion = 10.0.40219.1
Project("{FAE04EC0-301F-11D3-BF4B-00C04F79EFBC}") = "Understand_model", "Understand_model.csproj", "{71763E8A-D240-4A3D-A950-22D6F65EA86F}"
EndProject
Global
	GlobalSection(SolutionConfigurationPlatforms) = preSolution
		Debug|Any CPU = Debug|Any CPU
		Release|Any CPU = Release|Any CPU
	EndGlobalSection
	GlobalSection(ProjectConfigurationPlatforms) = postSolution
		{71763E8A-D240-4A3D-A950-22D6F65EA86F}.Debug|Any CPU.ActiveCfg = Debug|Any CPU
		{71763E8A-D240-4A3D-A950-22D6F65EA86F}.Debug|Any CPU.Build.0 = Debug|Any CPU
		{71763E8A-D240-4A3D-A950-22D6F65EA86F}.Release|Any CPU.ActiveCfg = Release|Any CPU
		{71763E8A-D240-4A3D-A950-22D6F65EA86F}.Release|Any CPU.Build.0 = Release|Any CPU
	EndGlobalSection
	GlobalSection(SolutionProperties) = preSolution
		HideSolutionNode = FALSE
	EndGlobalSection
	GlobalSection(ExtensibilityGlobals) = postSolution
		SolutionGuid = {4F68CA9E-F2E1-442A-88BA-EBE4E27341EE}
	EndGlobalSection
EndGlobal
